
Microsoft Visual Studio Solution File, Format Version 12.00
# Visual Studio 15
VisualStudioVersion = 15.0.28307.271
MinimumVisualStudioVersion = 10.0.40219.1
Project("{FAE04EC0-301F-11D3-BF4B-00C04F79EFBC}") = "Generalate", "Generalate\Generalate.csproj", "{CD00A16A-C5ED-4A2E-8B51-FF92BC159109}"
EndProject
Global
	GlobalSection(SolutionConfigurationPlatforms) = preSolution
		Debug|Any CPU = Debug|Any CPU
		Release|Any CPU = Release|Any CPU
	EndGlobalSection
	GlobalSection(ProjectConfigurationPlatforms) = postSolution
		{CD00A16A-C5ED-4A2E-8B51-FF92BC159109}.Debug|Any CPU.ActiveCfg = Debug|Any CPU
		{CD00A16A-C5ED-4A2E-8B51-FF92BC159109}.Debug|Any CPU.Build.0 = Debug|Any CPU
		{CD00A16A-C5ED-4A2E-8B51-FF92BC159109}.Release|Any CPU.ActiveCfg = Release|Any CPU
		{CD00A16A-C5ED-4A2E-8B51-FF92BC159109}.Release|Any CPU.Build.0 = Release|Any CPU
	EndGlobalSection
	GlobalSection(SolutionProperties) = preSolution
		HideSolutionNode = FALSE
	EndGlobalSection
	GlobalSection(ExtensibilityGlobals) = postSolution
		SolutionGuid = {5F6C59B5-1765-4A0E-B3AD-5FCEC33D39F2}
	EndGlobalSection
EndGlobal
